-----BEGIN PGP MESSAGE-----
Version: Keybase Go 5.7.1 (linux)
Comment: https://keybase.io/download

wcFMA56955ix9LukARAAmAcsXga8U3shX57xD000PtorBrCRX5eMLi36i1jkRgAy
UDB1qQbX8q856Dhk67tBfk/8O3pjBVXVxsXC1Sn9FBmS5eraEXvzxPoSH7lw5l6w
khj8iziFbwvx4o1hiWXgsFxHEtxpe+hEhnD7tOa4y7hqkFfuCFikKVES4J8ItTpR
NVrWRLg8SG0PTbtd11M4mFYbJbBfZRZc4KkFq9hXNmfQKQ+2ouZsGB+CnrCgClmE
TbgbkQ5op/IN/aILJq249LdYfW8t6SPVvCirR/RLNyl+gs/3SBpk7lr6I4oC+tNI
GYiFlUH5Oc5IGcSRXreZ0caVC/sORZZK1X8MDPp/apVtn7UymVuQI7Lqp7Zn84+i
6EyRGS6nAcEHW1fM0HCs3Pe20G8zTVjKKI3LvIoM5PkGx4KVscmrZs42QXESV0xY
tFaqtwu8FIUI1TXNC1A9lRFVYlwsgs4Ek24jhXaM8mcSQ1C96Rg5kBPa1LmnKHgX
7D6SYqXqWMOd4KLFZ7IRY8pMUrBcRzF2X5jc2LfxBmPiiWiyPO8vs823NkFgGKK1
dZ31Bjo+fpivAKTXo9Alv0uLGW8Je8NgUzHMY4nHvNis4Z7OCjq6+hG+CoXMg5M5
UfR1wFJEjXy6d+Hn/VUY8p/FhSTCyv5nuYr+qSkAB/0q4GrFDzn9uV3fywhZe03S
4AHk/v2HmyebP9bzzDdNvgMu7uFbWuGtFOPliAZhVJQ0P+L3ANq34L7gLeAh4cY+
4Jri/kqHE+As6jufGySj6qaDKZx/ei2+3aMIAvZMKIIylTp9I3PYXuGYhAUyBj4r
m1cObZgmJYtsWvwFP75dnVm8yy494SZARnabpfNzat7QibF0fgrCTc+orolpGpr2
MIML2fR9OygMLKvqtfTJishtG2hLFN/oH+lrGrLQNFEXE93sPN0LypGJa5eAFFP/
rPiETgQaXhKshLyZXeusvOcNxs7y2v0UI47XsX9G6c59sKrulDQNOGy6TrXuPIPD
cjNucwMBJTUmBSlQ9q6GbSa5Dq4ZoLfWinv4AtpPwswq38jCdXulkoDTDbtmvRfc
BASQs+pNVdOnlePYZivoAepbR5i9O1tKvZKILD4vFkw7hAKaobYZHP+oe8JxJTwQ
OhlWqcHpGguEiyyljVKKjBkDxXsp7IpLAWJeXTK6tjVIVKDYH7q2kiaAn3Th/lVO
EJAp0nr2wHaeT2cwHAqC0A8cwO7+ndWumPlEBh/0imWt6LmVtbPeZMEVOgCyrJfR
l2dJMKe99+6kEJ1259BcrtA2uV5br1gQujB4mVAfG1SGl2/4qRzfnM/Tk9J1wrXZ
+cQsV4U55AqlDKmusGmUgEEefmyd/SLPPfZmxXTvBwmGT9Ukdf9zP7k+msSHDXrk
1GQxC8VjIf53LACap7rSEq7V4Q7u9vQhRukJujVVLPdrbhy6He7gWW2iXu4rUIwv
nt/r1P+gaCG6w++21ZyL89b9pumd66FuHugZ894v2KeY+tsdy/kPcCAih5M9qLVs
oZO1m8+5H1dIDhHFWi5QUyCEhu2GZO4/Zu7NvAnF/KpB/S4kn23ZPune2bxv7Mnb
wYW1dm4gLZbLk57Srw5ygGfNvHegiJhJd9slsyyUwAv7D9OP/tdop96yCoPpN1fr
h+YqSSNX5ajEaJolRvwfj0jrBfG2BJqgHanEHD9Ll+4pXCrlT9XMnq206FWh9qN1
csDdMVuA5yIBNjU2LGSK0zUS63uZRMzI9azoSVOkKTxmbtnvLas4B8Svk3xhJ+xC
hxkyGOZTzIX6S3P8HaMdK/VccwGAVyg9BkDyz/gWNnBTvvJCzVnVERTiWDy398yU
RjnRDYNQDrjW9AcC83jQ8iO+smyhxqIInX4dRiFh+N3KnzT8OPVoLGmq+44ZtC3u
kubJNbWL+xb0r7LVkrmx+l4uu6sLkSXDLTYo2Iy+4EmqprbD/L6JI5/FS+MsY+qO
4UkNXjZJUbGzLHOAnkvmFeTKgWEiIjBsqbTl4EnDh/WVTPd4R2qeljVufaIWz5PA
ct/VpGwQ4GaNvnv2rOYPqUCyt90o5+vHUpIOefOgrmoUuGRfpdGurCVHgauTRTAw
WyzRN0w+D6U/yjXx7zYB1bnSxW5cLE5cF+bg1OmMPAxAyAfYUzBwvRpWAPijFd5M
fnFNbdJ44wPb850klZCzYMdBt7Q/zQ4MGEXoRaYZCNsDIdzaKBEAIIu8qRe339R4
YGbmkkWbTUQ5nStGcMn03CMlyNXNVY+T5r6WnWrkcLRXhdQ63eqWq99YKWdu4M9v
fCJ7l8RsrHWBM6OLHQQWIvsBQaBp81nO8FIdXQpo+T6wCKc99PvvRkPlvz+Hinjc
Lo/DVAhM09Fh3DIeBhaxapXhobfxZajUGLwYegLS5UC8Pkmx2ciL3UGz3NiY7GSh
f3ZIwgYBOpDPQJlaJszbKZLdoYRm7YPcAtrgNRGcZeljHiLrR1jI0I8tLzNv5CKJ
knRRkDZEe8icDQHgeR3s8l8cHCea3dnyi17HVXkbesWka2IaQQyDFFR01NwFNb/e
0W7PxFAgVbnHXO283Wjtcp+eoqFV0ulkLPJUH24zyl7Y+s/k6YVp8Byer1uFKXTT
T7E9AxUDMgAK1RgRoGn56maPok50zU4GessvPp1G5CuBFWKxKR1tfnE1w7ADk+tF
Cr5cmZU+jBcI2CovHLTF5Hjw0+gaQeED1o1UULc6dd182oTvO4FhOlQGfJtcfDEk
owy3JU48QYTdHqvneobq0UP0EPW4zoB26LYeZW7LJgUhk0qJo4twPeIp0BwysKeI
a7Xojvx+dgtO8JDD3OAM6BAJ3R2+zinrNmXp/qovm4YTuTMPJtg6DbVjSC3Laz17
YqC6QrJjdg3T72LTVeNpDzuTZ7qsm2lfoMlhYa+WIH7/iNJQLI1n8j6pBd1PIFVj
vz8BycxgjZ2p6GXLcYju/20/E2Nk5u7lWHGQQDLewwfwuaZQ0u23M2w/4/3nve0u
a2sPxzLCGRABfRSwALFqItshy5Y4xxzOSFSoOnlx4XC5zAUV8DZIC1763QFIbpjW
+JQc+64bg3oHUu1cFnzY18tcTsNp535zXWo4pKTIVHBz2ITozRa4nvTKYy5NE7cb
p4gXcDeBn7s8r7qxoGV6CYm6jKLICqklgYaF/0xqY+rgf+fgf3B8Ytvg9eL2aeCi
wLPZk9uqk+Q/5tenwdj3n1C98secuE0TTswLm7Hs5JqTvuo9U4cKtUzGP1AnUgvP
kyYUf4Hc8LVs1sqImWOlLM1wz9HqnC/AId37WooBGwhqttl/F80EEuceh4iZxFrF
cr6t3IXYWgHizpNSE7D9oPodpeDW5vaq9jLnYlc4ukZTGDgXeh84rgx17BIXIlIF
coe8AwwVMDy0VTvKQL3mUJGF+8JMidD3aKSXZ6Ia5Ztq5ACzFV3g4OVYkEdutb5h
pAW/Ibb3PD58XM28a844EEXv1bo1p6MlZ+D85O11qO8CXSjGGvYAUFJz4qrgfOKU
d39z4EPhfE/gwOFS7eBi5EhOZqm2/RgIs4iB4bKm/ezip1RcCeHzHeHH6eFhIeEQ
vemMlI9etbVxyLd1hmESFQs/fih0VsOdhh4BdgNfsAREzWpcsdC7GN2bsdRGwtkD
440CfjWWFSij2GYPZovhtPEY8KV+YPIUM+jyztDZBYp7bxYcTVZQp2d08ZjahG/Z
LJVgW1RlaNIktdadaWtYKHgvEd7WUbF/u+xx9kNl0T1sgIEJxQFDKOvEUawEHHD2
JDSpWNcJpko6dIftc96nSyR0uRH3xhO5etlIadr4SJANisnbmYf5xGlZhQTR+aTH
In+DnujYb/Hbxu0i3I/M5JDpAmsinpkzdkdcD0bqte50tgwwTesnkvTtXiItrUc/
j5CwnlIZOoC77iVxVesysgTWfMsRbBibQES0Y3Hl38WtLCbbWoFLIvjvzCjhJ+2N
UD9xhsrvsFXv1uEBMNWqtWli5mn37idnsg8nea/RxL+lfuZM0gFpdWcH1YJ7bhUR
+U+onoYZ+cOI59u7p0LTs7AoGYSGjHD3ci3Lg6HGaSeUJxNHThO+pYMH6FHIiC6E
hGaEbHVrh0nYTeXSPnEl0YAr0vTlZXyc/EW0T6NLKmrEjyC6QcmBy6hogUWKfZkj
Tq1h72N8PgZMUDIRTitt9C2CcK3wK6ZoLv73MCb4kzp8hU1LmJzzrLtQfDH370kH
DNxvwd1ACdaXggeDT07alybv4r7RNgm5uwt7LbjsPvUCP+R7an7QrilPvNR+8f5h
efxP4pkBh8LhlgkA
=rJ9x
-----END PGP MESSAGE-----
